
Microsoft Visual Studio Solution File, Format Version 12.00
# Visual Studio Version 16
VisualStudioVersion = 16.0.28809.33
MinimumVisualStudioVersion = 10.0.40219.1
Project("{FAE04EC0-301F-11D3-BF4B-00C04F79EFBC}") = "AppDiaristaAPI", "AppDiaristaAPI\AppDiaristaAPI.csproj", "{49588828-B3FE-46BB-9F2C-D02104A9068E}"
EndProject
Project("{FAE04EC0-301F-11D3-BF4B-00C04F79EFBC}") = "AppDiaristaDTO", "AppDiaristaDTO\AppDiaristaDTO.csproj", "{04F83201-D07E-4134-A667-AEAEEFE23DDD}"
EndProject
Global
	GlobalSection(SolutionConfigurationPlatforms) = preSolution
		Debug|Any CPU = Debug|Any CPU
		Release|Any CPU = Release|Any CPU
	EndGlobalSection
	GlobalSection(ProjectConfigurationPlatforms) = postSolution
		{49588828-B3FE-46BB-9F2C-D02104A9068E}.Debug|Any CPU.ActiveCfg = Debug|Any CPU
		{49588828-B3FE-46BB-9F2C-D02104A9068E}.Debug|Any CPU.Build.0 = Debug|Any CPU
		{49588828-B3FE-46BB-9F2C-D02104A9068E}.Release|Any CPU.ActiveCfg = Release|Any CPU
		{49588828-B3FE-46BB-9F2C-D02104A9068E}.Release|Any CPU.Build.0 = Release|Any CPU
		{04F83201-D07E-4134-A667-AEAEEFE23DDD}.Debug|Any CPU.ActiveCfg = Debug|Any CPU
		{04F83201-D07E-4134-A667-AEAEEFE23DDD}.Debug|Any CPU.Build.0 = Debug|Any CPU
		{04F83201-D07E-4134-A667-AEAEEFE23DDD}.Release|Any CPU.ActiveCfg = Release|Any CPU
		{04F83201-D07E-4134-A667-AEAEEFE23DDD}.Release|Any CPU.Build.0 = Release|Any CPU
	EndGlobalSection
	GlobalSection(SolutionProperties) = preSolution
		HideSolutionNode = FALSE
	EndGlobalSection
	GlobalSection(ExtensibilityGlobals) = postSolution
		SolutionGuid = {A9F5C6DF-E64A-4645-B327-52FF705BCE33}
	EndGlobalSection
EndGlobal
